{
  "name": "ast",
  "version": "1.0.0",
  "lockfileVersion": 3,
  "requires": true,
  "packages": {
    "": {
      "name": "ast",
      "version": "1.0.0",
      "license": "ISC",
      "dependencies": {
        "asterisk-ami": "^0.1.0"
      }
    },
    "node_modules/asterisk-ami": {
      "version": "0.1.0",
      "resolved": "https://registry.npmjs.org/asterisk-ami/-/asterisk-ami-0.1.0.tgz",
      "integrity": "sha512-NhBi8/za6GMYy1HpLLO1GEUCIJsp7RsfAi+qt1foZYNe9sw4gVs58brIUXUgatOojzZeHu+NHr7A2e4IH/wl4w==",
      "engines": {
        "node": "*"
      }
    }
  }
}
